
Microsoft Visual Studio Solution File, Format Version 12.00
# Visual Studio Version 17
VisualStudioVersion = 17.5.33502.453
MinimumVisualStudioVersion = 10.0.40219.1
Project("{F184B08F-C81C-45F6-A57F-5ABD9991F28F}") = "SchlumpfSoftExtensions", "SchlumpfSoftExtensions\SchlumpfSoftExtensions.vbproj", "{4D59E96A-35A5-41A1-AA35-B8DAEDD45DEC}"
	ProjectSection(ProjectDependencies) = postProject
		{C832D13D-35F1-4E01-AD95-929461579488} = {C832D13D-35F1-4E01-AD95-929461579488}
		{D1E7A704-C7A7-466F-B794-3352ACC1F222} = {D1E7A704-C7A7-466F-B794-3352ACC1F222}
	EndProjectSection
EndProject
Project("{F184B08F-C81C-45F6-A57F-5ABD9991F28F}") = "NumericExtensions", "NumericExtensions\NumericExtensions.vbproj", "{D1E7A704-C7A7-466F-B794-3352ACC1F222}"
EndProject
Project("{F184B08F-C81C-45F6-A57F-5ABD9991F28F}") = "ExtensionsTestProjekt", "ExtensionsTestProjekt\ExtensionsTestProjekt.vbproj", "{CBB21F10-8F41-4474-818C-22B381886A7C}"
EndProject
Project("{2150E333-8FDC-42A3-9474-1A3956D46DE8}") = "Projektmappenelemente", "Projektmappenelemente", "{440816E8-75F7-4A14-A4E5-87908B5AB332}"
	ProjectSection(SolutionItems) = preProject
		.editorconfig = .editorconfig
		.gitattributes = .gitattributes
		.gitignore = .gitignore
		LICENSE.txt = LICENSE.txt
		README.md = README.md
	EndProjectSection
EndProject
Project("{F184B08F-C81C-45F6-A57F-5ABD9991F28F}") = "GenericExtensions", "GenericExtensions\GenericExtensions.vbproj", "{C832D13D-35F1-4E01-AD95-929461579488}"
EndProject
Project("{F184B08F-C81C-45F6-A57F-5ABD9991F28F}") = "BitmapExtensions", "BitmapExtensions\BitmapExtensions.vbproj", "{DDECA59F-8732-457B-901D-2973597A798B}"
EndProject
Global
	GlobalSection(SolutionConfigurationPlatforms) = preSolution
		Debug|Any CPU = Debug|Any CPU
		Debug|arm64 = Debug|arm64
		Debug|x86 = Debug|x86
		Release|Any CPU = Release|Any CPU
		Release|arm64 = Release|arm64
		Release|x86 = Release|x86
	EndGlobalSection
	GlobalSection(ProjectConfigurationPlatforms) = postSolution
		{4D59E96A-35A5-41A1-AA35-B8DAEDD45DEC}.Debug|Any CPU.ActiveCfg = Debug|Any CPU
		{4D59E96A-35A5-41A1-AA35-B8DAEDD45DEC}.Debug|Any CPU.Build.0 = Debug|Any CPU
		{4D59E96A-35A5-41A1-AA35-B8DAEDD45DEC}.Debug|arm64.ActiveCfg = Debug|arm64
		{4D59E96A-35A5-41A1-AA35-B8DAEDD45DEC}.Debug|arm64.Build.0 = Debug|arm64
		{4D59E96A-35A5-41A1-AA35-B8DAEDD45DEC}.Debug|x86.ActiveCfg = Debug|x86
		{4D59E96A-35A5-41A1-AA35-B8DAEDD45DEC}.Debug|x86.Build.0 = Debug|x86
		{4D59E96A-35A5-41A1-AA35-B8DAEDD45DEC}.Release|Any CPU.ActiveCfg = Release|Any CPU
		{4D59E96A-35A5-41A1-AA35-B8DAEDD45DEC}.Release|Any CPU.Build.0 = Release|Any CPU
		{4D59E96A-35A5-41A1-AA35-B8DAEDD45DEC}.Release|arm64.ActiveCfg = Release|arm64
		{4D59E96A-35A5-41A1-AA35-B8DAEDD45DEC}.Release|arm64.Build.0 = Release|arm64
		{4D59E96A-35A5-41A1-AA35-B8DAEDD45DEC}.Release|x86.ActiveCfg = Release|x86
		{4D59E96A-35A5-41A1-AA35-B8DAEDD45DEC}.Release|x86.Build.0 = Release|x86
		{D1E7A704-C7A7-466F-B794-3352ACC1F222}.Debug|Any CPU.ActiveCfg = Debug|Any CPU
		{D1E7A704-C7A7-466F-B794-3352ACC1F222}.Debug|Any CPU.Build.0 = Debug|Any CPU
		{D1E7A704-C7A7-466F-B794-3352ACC1F222}.Debug|arm64.ActiveCfg = Debug|arm64
		{D1E7A704-C7A7-466F-B794-3352ACC1F222}.Debug|arm64.Build.0 = Debug|arm64
		{D1E7A704-C7A7-466F-B794-3352ACC1F222}.Debug|x86.ActiveCfg = Debug|x86
		{D1E7A704-C7A7-466F-B794-3352ACC1F222}.Debug|x86.Build.0 = Debug|x86
		{D1E7A704-C7A7-466F-B794-3352ACC1F222}.Release|Any CPU.ActiveCfg = Release|Any CPU
		{D1E7A704-C7A7-466F-B794-3352ACC1F222}.Release|Any CPU.Build.0 = Release|Any CPU
		{D1E7A704-C7A7-466F-B794-3352ACC1F222}.Release|arm64.ActiveCfg = Release|arm64
		{D1E7A704-C7A7-466F-B794-3352ACC1F222}.Release|arm64.Build.0 = Release|arm64
		{D1E7A704-C7A7-466F-B794-3352ACC1F222}.Release|x86.ActiveCfg = Release|x86
		{D1E7A704-C7A7-466F-B794-3352ACC1F222}.Release|x86.Build.0 = Release|x86
		{CBB21F10-8F41-4474-818C-22B381886A7C}.Debug|Any CPU.ActiveCfg = Debug|Any CPU
		{CBB21F10-8F41-4474-818C-22B381886A7C}.Debug|Any CPU.Build.0 = Debug|Any CPU
		{CBB21F10-8F41-4474-818C-22B381886A7C}.Debug|arm64.ActiveCfg = Debug|Any CPU
		{CBB21F10-8F41-4474-818C-22B381886A7C}.Debug|arm64.Build.0 = Debug|Any CPU
		{CBB21F10-8F41-4474-818C-22B381886A7C}.Debug|x86.ActiveCfg = Debug|Any CPU
		{CBB21F10-8F41-4474-818C-22B381886A7C}.Debug|x86.Build.0 = Debug|Any CPU
		{CBB21F10-8F41-4474-818C-22B381886A7C}.Release|Any CPU.ActiveCfg = Release|Any CPU
		{CBB21F10-8F41-4474-818C-22B381886A7C}.Release|Any CPU.Build.0 = Release|Any CPU
		{CBB21F10-8F41-4474-818C-22B381886A7C}.Release|arm64.ActiveCfg = Release|Any CPU
		{CBB21F10-8F41-4474-818C-22B381886A7C}.Release|arm64.Build.0 = Release|Any CPU
		{CBB21F10-8F41-4474-818C-22B381886A7C}.Release|x86.ActiveCfg = Release|Any CPU
		{CBB21F10-8F41-4474-818C-22B381886A7C}.Release|x86.Build.0 = Release|Any CPU
		{C832D13D-35F1-4E01-AD95-929461579488}.Debug|Any CPU.ActiveCfg = Debug|Any CPU
		{C832D13D-35F1-4E01-AD95-929461579488}.Debug|Any CPU.Build.0 = Debug|Any CPU
		{C832D13D-35F1-4E01-AD95-929461579488}.Debug|arm64.ActiveCfg = Debug|arm64
		{C832D13D-35F1-4E01-AD95-929461579488}.Debug|arm64.Build.0 = Debug|arm64
		{C832D13D-35F1-4E01-AD95-929461579488}.Debug|x86.ActiveCfg = Debug|x86
		{C832D13D-35F1-4E01-AD95-929461579488}.Debug|x86.Build.0 = Debug|x86
		{C832D13D-35F1-4E01-AD95-929461579488}.Release|Any CPU.ActiveCfg = Release|Any CPU
		{C832D13D-35F1-4E01-AD95-929461579488}.Release|Any CPU.Build.0 = Release|Any CPU
		{C832D13D-35F1-4E01-AD95-929461579488}.Release|arm64.ActiveCfg = Release|arm64
		{C832D13D-35F1-4E01-AD95-929461579488}.Release|arm64.Build.0 = Release|arm64
		{C832D13D-35F1-4E01-AD95-929461579488}.Release|x86.ActiveCfg = Release|x86
		{C832D13D-35F1-4E01-AD95-929461579488}.Release|x86.Build.0 = Release|x86
		{DDECA59F-8732-457B-901D-2973597A798B}.Debug|Any CPU.ActiveCfg = Debug|Any CPU
		{DDECA59F-8732-457B-901D-2973597A798B}.Debug|Any CPU.Build.0 = Debug|Any CPU
		{DDECA59F-8732-457B-901D-2973597A798B}.Debug|arm64.ActiveCfg = Debug|arm64
		{DDECA59F-8732-457B-901D-2973597A798B}.Debug|arm64.Build.0 = Debug|arm64
		{DDECA59F-8732-457B-901D-2973597A798B}.Debug|x86.ActiveCfg = Debug|x86
		{DDECA59F-8732-457B-901D-2973597A798B}.Debug|x86.Build.0 = Debug|x86
		{DDECA59F-8732-457B-901D-2973597A798B}.Release|Any CPU.ActiveCfg = Release|Any CPU
		{DDECA59F-8732-457B-901D-2973597A798B}.Release|Any CPU.Build.0 = Release|Any CPU
		{DDECA59F-8732-457B-901D-2973597A798B}.Release|arm64.ActiveCfg = Release|arm64
		{DDECA59F-8732-457B-901D-2973597A798B}.Release|arm64.Build.0 = Release|arm64
		{DDECA59F-8732-457B-901D-2973597A798B}.Release|x86.ActiveCfg = Release|x86
		{DDECA59F-8732-457B-901D-2973597A798B}.Release|x86.Build.0 = Release|x86
	EndGlobalSection
	GlobalSection(SolutionProperties) = preSolution
		HideSolutionNode = FALSE
	EndGlobalSection
	GlobalSection(ExtensibilityGlobals) = postSolution
		SolutionGuid = {221433C6-34DA-4CF5-9910-F65516B25941}
	EndGlobalSection
EndGlobal
